// !$*UTF8*$!
{
	archiveVersion = 1;
	classes = {
	};
	objectVersion = 56;
	objects = {

/* Begin PBXBuildFile section */
		2B7E972728FE3D18005F3115 /* AppDelegate.swift in Sources */ = {isa = PBXBuildFile; fileRef = 2B7E972628FE3D18005F3115 /* AppDelegate.swift */; };
		2B7E972928FE3D18005F3115 /* SceneDelegate.swift in Sources */ = {isa = PBXBuildFile; fileRef = 2B7E972828FE3D18005F3115 /* SceneDelegate.swift */; };
		2B7E972B28FE3D18005F3115 /* MainController.swift in Sources */ = {isa = PBXBuildFile; fileRef = 2B7E972A28FE3D18005F3115 /* MainController.swift */; };
		2B7E973028FE3D1C005F3115 /* Assets.xcassets in Resources */ = {isa = PBXBuildFile; fileRef = 2B7E972F28FE3D1C005F3115 /* Assets.xcassets */; };
		2B7E973328FE3D1C005F3115 /* LaunchScreen.storyboard in Resources */ = {isa = PBXBuildFile; fileRef = 2B7E973128FE3D1C005F3115 /* LaunchScreen.storyboard */; };
		2B7E973B28FE4057005F3115 /* RegisterController.swift in Sources */ = {isa = PBXBuildFile; fileRef = 2B7E973A28FE4057005F3115 /* RegisterController.swift */; };
		82107D412B352FCF002EDD2F /* LoginController.swift in Sources */ = {isa = PBXBuildFile; fileRef = 82107D402B352FCF002EDD2F /* LoginController.swift */; };
		82107D432B354C29002EDD2F /* ProductListController.swift in Sources */ = {isa = PBXBuildFile; fileRef = 82107D422B354C29002EDD2F /* ProductListController.swift */; };
		82107D452B3591DA002EDD2F /* ProductController.swift in Sources */ = {isa = PBXBuildFile; fileRef = 82107D442B3591DA002EDD2F /* ProductController.swift */; };
		82107D472B35A004002EDD2F /* VarianController.swift in Sources */ = {isa = PBXBuildFile; fileRef = 82107D462B35A004002EDD2F /* VarianController.swift */; };
/* End PBXBuildFile section */

/* Begin PBXFileReference section */
		2B7E972328FE3D18005F3115 /* online-store.app */ = {isa = PBXFileReference; explicitFileType = wrapper.application; includeInIndex = 0; path = "online-store.app"; sourceTree = BUILT_PRODUCTS_DIR; };
		2B7E972628FE3D18005F3115 /* AppDelegate.swift */ = {isa = PBXFileReference; lastKnownFileType = sourcecode.swift; path = AppDelegate.swift; sourceTree = "<group>"; };
		2B7E972828FE3D18005F3115 /* SceneDelegate.swift */ = {isa = PBXFileReference; lastKnownFileType = sourcecode.swift; path = SceneDelegate.swift; sourceTree = "<group>"; };
		2B7E972A28FE3D18005F3115 /* MainController.swift */ = {isa = PBXFileReference; lastKnownFileType = sourcecode.swift; path = MainController.swift; sourceTree = "<group>"; };
		2B7E972F28FE3D1C005F3115 /* Assets.xcassets */ = {isa = PBXFileReference; lastKnownFileType = folder.assetcatalog; path = Assets.xcassets; sourceTree = "<group>"; };
		2B7E973228FE3D1C005F3115 /* Base */ = {isa = PBXFileReference; lastKnownFileType = file.storyboard; name = Base; path = Base.lproj/LaunchScreen.storyboard; sourceTree = "<group>"; };
		2B7E973428FE3D1C005F3115 /* Info.plist */ = {isa = PBXFileReference; lastKnownFileType = text.plist.xml; path = Info.plist; sourceTree = "<group>"; };
		2B7E973A28FE4057005F3115 /* RegisterController.swift */ = {isa = PBXFileReference; lastKnownFileType = sourcecode.swift; path = RegisterController.swift; sourceTree = "<group>"; };
		82107D402B352FCF002EDD2F /* LoginController.swift */ = {isa = PBXFileReference; lastKnownFileType = sourcecode.swift; path = LoginController.swift; sourceTree = "<group>"; };
		82107D422B354C29002EDD2F /* ProductListController.swift */ = {isa = PBXFileReference; lastKnownFileType = sourcecode.swift; path = ProductListController.swift; sourceTree = "<group>"; };
		82107D442B3591DA002EDD2F /* ProductController.swift */ = {isa = PBXFileReference; lastKnownFileType = sourcecode.swift; path = ProductController.swift; sourceTree = "<group>"; };
		82107D462B35A004002EDD2F /* VarianController.swift */ = {isa = PBXFileReference; lastKnownFileType = sourcecode.swift; path = VarianController.swift; sourceTree = "<group>"; };
/* End PBXFileReference section */

/* Begin PBXFrameworksBuildPhase section */
		2B7E972028FE3D18005F3115 /* Frameworks */ = {
			isa = PBXFrameworksBuildPhase;
			buildActionMask = 2147483647;
			files = (
			);
			runOnlyForDeploymentPostprocessing = 0;
		};
/* End PBXFrameworksBuildPhase section */

/* Begin PBXGroup section */
		2B63331428FEB279003C7099 /* Controllers */ = {
			isa = PBXGroup;
			children = (
				2B7E972A28FE3D18005F3115 /* MainController.swift */,
				2B7E973A28FE4057005F3115 /* RegisterController.swift */,
				82107D402B352FCF002EDD2F /* LoginController.swift */,
				82107D422B354C29002EDD2F /* ProductListController.swift */,
				82107D442B3591DA002EDD2F /* ProductController.swift */,
				82107D462B35A004002EDD2F /* VarianController.swift */,
			);
			path = Controllers;
			sourceTree = "<group>";
		};
		2B7E971A28FE3D17005F3115 = {
			isa = PBXGroup;
			children = (
				2B7E972528FE3D18005F3115 /* online-store */,
				2B7E972428FE3D18005F3115 /* Products */,
			);
			sourceTree = "<group>";
		};
		2B7E972428FE3D18005F3115 /* Products */ = {
			isa = PBXGroup;
			children = (
				2B7E972328FE3D18005F3115 /* online-store.app */,
			);
			name = Products;
			sourceTree = "<group>";
		};
		2B7E972528FE3D18005F3115 /* online-store */ = {
			isa = PBXGroup;
			children = (
				2B7E972628FE3D18005F3115 /* AppDelegate.swift */,
				2B7E972828FE3D18005F3115 /* SceneDelegate.swift */,
				2B63331428FEB279003C7099 /* Controllers */,
				2B7E972F28FE3D1C005F3115 /* Assets.xcassets */,
				2B7E973128FE3D1C005F3115 /* LaunchScreen.storyboard */,
				2B7E973428FE3D1C005F3115 /* Info.plist */,
			);
			path = "online-store";
			sourceTree = "<group>";
		};
/* End PBXGroup section */

/* Begin PBXNativeTarget section */
		2B7E972228FE3D18005F3115 /* online-store */ = {
			isa = PBXNativeTarget;
			buildConfigurationList = 2B7E973728FE3D1C005F3115 /* Build configuration list for PBXNativeTarget "online-store" */;
			buildPhases = (
				2B7E971F28FE3D18005F3115 /* Sources */,
				2B7E972028FE3D18005F3115 /* Frameworks */,
				2B7E972128FE3D18005F3115 /* Resources */,
			);
			buildRules = (
			);
			dependencies = (
			);
			name = "online-store";
			productName = "Suitmedia-UIKit-Programmatically";
			productReference = 2B7E972328FE3D18005F3115 /* online-store.app */;
			productType = "com.apple.product-type.application";
		};
/* End PBXNativeTarget section */

/* Begin PBXProject section */
		2B7E971B28FE3D17005F3115 /* Project object */ = {
			isa = PBXProject;
			attributes = {
				BuildIndependentTargetsInParallel = 1;
				LastSwiftUpdateCheck = 1400;
				LastUpgradeCheck = 1400;
				TargetAttributes = {
					2B7E972228FE3D18005F3115 = {
						CreatedOnToolsVersion = 14.0.1;
					};
				};
			};
			buildConfigurationList = 2B7E971E28FE3D17005F3115 /* Build configuration list for PBXProject "online-store" */;
			compatibilityVersion = "Xcode 14.0";
			developmentRegion = en;
			hasScannedForEncodings = 0;
			knownRegions = (
				en,
				Base,
			);
			mainGroup = 2B7E971A28FE3D17005F3115;
			productRefGroup = 2B7E972428FE3D18005F3115 /* Products */;
			projectDirPath = "";
			projectRoot = "";
			targets = (
				2B7E972228FE3D18005F3115 /* online-store */,
			);
		};
/* End PBXProject section */

/* Begin PBXResourcesBuildPhase section */
		2B7E972128FE3D18005F3115 /* Resources */ = {
			isa = PBXResourcesBuildPhase;
			buildActionMask = 2147483647;
			files = (
				2B7E973328FE3D1C005F3115 /* LaunchScreen.storyboard in Resources */,
				2B7E973028FE3D1C005F3115 /* Assets.xcassets in Resources */,
			);
			runOnlyForDeploymentPostprocessing = 0;
		};
/* End PBXResourcesBuildPhase section */

/* Begin PBXSourcesBuildPhase section */
		2B7E971F28FE3D18005F3115 /* Sources */ = {
			isa = PBXSourcesBuildPhase;
			buildActionMask = 2147483647;
			files = (
				2B7E973B28FE4057005F3115 /* RegisterController.swift in Sources */,
				2B7E972B28FE3D18005F3115 /* MainController.swift in Sources */,
				82107D432B354C29002EDD2F /* ProductListController.swift in Sources */,
				2B7E972728FE3D18005F3115 /* AppDelegate.swift in Sources */,
				2B7E972928FE3D18005F3115 /* SceneDelegate.swift in Sources */,
				82107D452B3591DA002EDD2F /* ProductController.swift in Sources */,
				82107D472B35A004002EDD2F /* VarianController.swift in Sources */,
				82107D412B352FCF002EDD2F /* LoginController.swift in Sources */,
			);
			runOnlyForDeploymentPostprocessing = 0;
		};
/* End PBXSourcesBuildPhase section */

/* Begin PBXVariantGroup section */
		2B7E973128FE3D1C005F3115 /* LaunchScreen.storyboard */ = {
			isa = PBXVariantGroup;
			children = (
				2B7E973228FE3D1C005F3115 /* Base */,
			);
			name = LaunchScreen.storyboard;
			sourceTree = "<group>";
		};
/* End PBXVariantGroup section */

/* Begin XCBuildConfiguration section */
		2B7E973528FE3D1C005F3115 /* Debug */ = {
			isa = XCBuildConfiguration;
			buildSettings = {
				ALWAYS_SEARCH_USER_PATHS = NO;
				CLANG_ANALYZER_NONNULL = YES;
				CLANG_ANALYZER_NUMBER_OBJECT_CONVERSION = YES_AGGRESSIVE;
				CLANG_CXX_LANGUAGE_STANDARD = "gnu++20";
				CLANG_ENABLE_MODULES = YES;
				CLANG_ENABLE_OBJC_ARC = YES;
				CLANG_ENABLE_OBJC_WEAK = YES;
				CLANG_WARN_BLOCK_CAPTURE_AUTORELEASING = YES;
				CLANG_WARN_BOOL_CONVERSION = YES;
				CLANG_WARN_COMMA = YES;
				CLANG_WARN_CONSTANT_CONVERSION = YES;
				CLANG_WARN_DEPRECATED_OBJC_IMPLEMENTATIONS = YES;
				CLANG_WARN_DIRECT_OBJC_ISA_USAGE = YES_ERROR;
				CLANG_WARN_DOCUMENTATION_COMMENTS = YES;
				CLANG_WARN_EMPTY_BODY = YES;
				CLANG_WARN_ENUM_CONVERSION = YES;
				CLANG_WARN_INFINITE_RECURSION = YES;
				CLANG_WARN_INT_CONVERSION = YES;
				CLANG_WARN_NON_LITERAL_NULL_CONVERSION = YES;
				CLANG_WARN_OBJC_IMPLICIT_RETAIN_SELF = YES;
				CLANG_WARN_OBJC_LITERAL_CONVERSION = YES;
				CLANG_WARN_OBJC_ROOT_CLASS = YES_ERROR;
				CLANG_WARN_QUOTED_INCLUDE_IN_FRAMEWORK_HEADER = YES;
				CLANG_WARN_RANGE_LOOP_ANALYSIS = YES;
				CLANG_WARN_STRICT_PROTOTYPES = YES;
				CLANG_WARN_SUSPICIOUS_MOVE = YES;
				CLANG_WARN_UNGUARDED_AVAILABILITY = YES_AGGRESSIVE;
				CLANG_WARN_UNREACHABLE_CODE = YES;
				CLANG_WARN__DUPLICATE_METHOD_MATCH = YES;
				COPY_PHASE_STRIP = NO;
				DEBUG_INFORMATION_FORMAT = dwarf;
				ENABLE_STRICT_OBJC_MSGSEND = YES;
				ENABLE_TESTABILITY = YES;
				GCC_C_LANGUAGE_STANDARD = gnu11;
				GCC_DYNAMIC_NO_PIC = NO;
				GCC_NO_COMMON_BLOCKS = YES;
				GCC_OPTIMIZATION_LEVEL = 0;
				GCC_PREPROCESSOR_DEFINITIONS = (
					"DEBUG=1",
					"$(inherited)",
				);
				GCC_WARN_64_TO_32_BIT_CONVERSION = YES;
				GCC_WARN_ABOUT_RETURN_TYPE = YES_ERROR;
				GCC_WARN_UNDECLARED_SELECTOR = YES;
				GCC_WARN_UNINITIALIZED_AUTOS = YES_AGGRESSIVE;
				GCC_WARN_UNUSED_FUNCTION = YES;
				GCC_WARN_UNUSED_VARIABLE = YES;
				IPHONEOS_DEPLOYMENT_TARGET = 13.0;
				MTL_ENABLE_DEBUG_INFO = INCLUDE_SOURCE;
				MTL_FAST_MATH = YES;
				ONLY_ACTIVE_ARCH = YES;
				SDKROOT = iphoneos;
				SWIFT_ACTIVE_COMPILATION_CONDITIONS = DEBUG;
				SWIFT_OPTIMIZATION_LEVEL = "-Onone";
			};
			name = Debug;
		};
		2B7E973628FE3D1C005F3115 /* Release */ = {
			isa = XCBuildConfiguration;
			buildSettings = {
				ALWAYS_SEARCH_USER_PATHS = NO;
				CLANG_ANALYZER_NONNULL = YES;
				CLANG_ANALYZER_NUMBER_OBJECT_CONVERSION = YES_AGGRESSIVE;
				CLANG_CXX_LANGUAGE_STANDARD = "gnu++20";
				CLANG_ENABLE_MODULES = YES;
				CLANG_ENABLE_OBJC_ARC = YES;
				CLANG_ENABLE_OBJC_WEAK = YES;
				CLANG_WARN_BLOCK_CAPTURE_AUTORELEASING = YES;
				CLANG_WARN_BOOL_CONVERSION = YES;
				CLANG_WARN_COMMA = YES;
				CLANG_WARN_CONSTANT_CONVERSION = YES;
				CLANG_WARN_DEPRECATED_OBJC_IMPLEMENTATIONS = YES;
				CLANG_WARN_DIRECT_OBJC_ISA_USAGE = YES_ERROR;
				CLANG_WARN_DOCUMENTATION_COMMENTS = YES;
				CLANG_WARN_EMPTY_BODY = YES;
				CLANG_WARN_ENUM_CONVERSION = YES;
				CLANG_WARN_INFINITE_RECURSION = YES;
				CLANG_WARN_INT_CONVERSION = YES;
				CLANG_WARN_NON_LITERAL_NULL_CONVERSION = YES;
				CLANG_WARN_OBJC_IMPLICIT_RETAIN_SELF = YES;
				CLANG_WARN_OBJC_LITERAL_CONVERSION = YES;
				CLANG_WARN_OBJC_ROOT_CLASS = YES_ERROR;
				CLANG_WARN_QUOTED_INCLUDE_IN_FRAMEWORK_HEADER = YES;
				CLANG_WARN_RANGE_LOOP_ANALYSIS = YES;
				CLANG_WARN_STRICT_PROTOTYPES = YES;
				CLANG_WARN_SUSPICIOUS_MOVE = YES;
				CLANG_WARN_UNGUARDED_AVAILABILITY = YES_AGGRESSIVE;
				CLANG_WARN_UNREACHABLE_CODE = YES;
				CLANG_WARN__DUPLICATE_METHOD_MATCH = YES;
				COPY_PHASE_STRIP = NO;
				DEBUG_INFORMATION_FORMAT = "dwarf-with-dsym";
				ENABLE_NS_ASSERTIONS = NO;
				ENABLE_STRICT_OBJC_MSGSEND = YES;
				GCC_C_LANGUAGE_STANDARD = gnu11;
				GCC_NO_COMMON_BLOCKS = YES;
				GCC_WARN_64_TO_32_BIT_CONVERSION = YES;
				GCC_WARN_ABOUT_RETURN_TYPE = YES_ERROR;
				GCC_WARN_UNDECLARED_SELECTOR = YES;
				GCC_WARN_UNINITIALIZED_AUTOS = YES_AGGRESSIVE;
				GCC_WARN_UNUSED_FUNCTION = YES;
				GCC_WARN_UNUSED_VARIABLE = YES;
				IPHONEOS_DEPLOYMENT_TARGET = 13.0;
				MTL_ENABLE_DEBUG_INFO = NO;
				MTL_FAST_MATH = YES;
				SDKROOT = iphoneos;
				SWIFT_COMPILATION_MODE = wholemodule;
				SWIFT_OPTIMIZATION_LEVEL = "-O";
				VALIDATE_PRODUCT = YES;
			};
			name = Release;
		};
		2B7E973828FE3D1C005F3115 /* Debug */ = {
			isa = XCBuildConfiguration;
			buildSettings = {
				ASSETCATALOG_COMPILER_APPICON_NAME = AppIcon;
				ASSETCATALOG_COMPILER_GLOBAL_ACCENT_COLOR_NAME = AccentColor;
				CODE_SIGN_STYLE = Automatic;
				CURRENT_PROJECT_VERSION = 1;
				DEVELOPMENT_TEAM = QSYN34ABQK;
				GENERATE_INFOPLIST_FILE = YES;
				INFOPLIST_FILE = "online-store/Info.plist";
				INFOPLIST_KEY_NSPhotoLibraryUsageDescription = "We need access to your photo library to allow you to upload images for your product.";
				INFOPLIST_KEY_UIApplicationSupportsIndirectInputEvents = YES;
				INFOPLIST_KEY_UILaunchStoryboardName = LaunchScreen;
				INFOPLIST_KEY_UISupportedInterfaceOrientations_iPad = "UIInterfaceOrientationPortrait UIInterfaceOrientationPortraitUpsideDown UIInterfaceOrientationLandscapeLeft UIInterfaceOrientationLandscapeRight";
				INFOPLIST_KEY_UISupportedInterfaceOrientations_iPhone = "UIInterfaceOrientationPortrait UIInterfaceOrientationLandscapeLeft UIInterfaceOrientationLandscapeRight";
				IPHONEOS_DEPLOYMENT_TARGET = 13.0;
				LD_RUNPATH_SEARCH_PATHS = (
					"$(inherited)",
					"@executable_path/Frameworks",
				);
				MARKETING_VERSION = 1.0;
				PRODUCT_BUNDLE_IDENTIFIER = "com.pixeliar.online-store";
				PRODUCT_NAME = "$(TARGET_NAME)";
				SWIFT_EMIT_LOC_STRINGS = YES;
				SWIFT_VERSION = 5.0;
				TARGETED_DEVICE_FAMILY = "1,2";
			};
			name = Debug;
		};
		2B7E973928FE3D1C005F3115 /* Release */ = {
			isa = XCBuildConfiguration;
			buildSettings = {
				ASSETCATALOG_COMPILER_APPICON_NAME = AppIcon;
				ASSETCATALOG_COMPILER_GLOBAL_ACCENT_COLOR_NAME = AccentColor;
				CODE_SIGN_STYLE = Automatic;
				CURRENT_PROJECT_VERSION = 1;
				DEVELOPMENT_TEAM = QSYN34ABQK;
				GENERATE_INFOPLIST_FILE = YES;
				INFOPLIST_FILE = "online-store/Info.plist";
				INFOPLIST_KEY_NSPhotoLibraryUsageDescription = "We need access to your photo library to allow you to upload images for your product.";
				INFOPLIST_KEY_UIApplicationSupportsIndirectInputEvents = YES;
				INFOPLIST_KEY_UILaunchStoryboardName = LaunchScreen;
				INFOPLIST_KEY_UISupportedInterfaceOrientations_iPad = "UIInterfaceOrientationPortrait UIInterfaceOrientationPortraitUpsideDown UIInterfaceOrientationLandscapeLeft UIInterfaceOrientationLandscapeRight";
				INFOPLIST_KEY_UISupportedInterfaceOrientations_iPhone = "UIInterfaceOrientationPortrait UIInterfaceOrientationLandscapeLeft UIInterfaceOrientationLandscapeRight";
				IPHONEOS_DEPLOYMENT_TARGET = 13.0;
				LD_RUNPATH_SEARCH_PATHS = (
					"$(inherited)",
					"@executable_path/Frameworks",
				);
				MARKETING_VERSION = 1.0;
				PRODUCT_BUNDLE_IDENTIFIER = "com.pixeliar.online-store";
				PRODUCT_NAME = "$(TARGET_NAME)";
				SWIFT_EMIT_LOC_STRINGS = YES;
				SWIFT_VERSION = 5.0;
				TARGETED_DEVICE_FAMILY = "1,2";
			};
			name = Release;
		};
/* End XCBuildConfiguration section */

/* Begin XCConfigurationList section */
		2B7E971E28FE3D17005F3115 /* Build configuration list for PBXProject "online-store" */ = {
			isa = XCConfigurationList;
			buildConfigurations = (
				2B7E973528FE3D1C005F3115 /* Debug */,
				2B7E973628FE3D1C005F3115 /* Release */,
			);
			defaultConfigurationIsVisible = 0;
			defaultConfigurationName = Release;
		};
		2B7E973728FE3D1C005F3115 /* Build configuration list for PBXNativeTarget "online-store" */ = {
			isa = XCConfigurationList;
			buildConfigurations = (
				2B7E973828FE3D1C005F3115 /* Debug */,
				2B7E973928FE3D1C005F3115 /* Release */,
			);
			defaultConfigurationIsVisible = 0;
			defaultConfigurationName = Release;
		};
/* End XCConfigurationList section */
	};
	rootObject = 2B7E971B28FE3D17005F3115 /* Project object */;
}
